PODS:
  - DeckTransition (2.0.0)
  - SDWebImage (4.3.3):
    - SDWebImage/Core (= 4.3.3)
  - SDWebImage/Core (4.3.3)

DEPENDENCIES:
  - DeckTransition (~> 2.0)
  - SDWebImage (~> 4.0)

SPEC REPOS:
  https://github.com/CocoaPods/Specs.git:
    - DeckTransition
    - SDWebImage

SPEC CHECKSUMS:
  DeckTransition: 2300694f94fbeca2c103f365dc9dc09ffae14a4f
  SDWebImage: de4d90b5bff3571eae7bd16202b1f43135409fa5

PODFILE CHECKSUM: 40b934ab0f176c8aba68023f74d9a606bcb7fbba

COCOAPODS: 1.5.0
